// !$*UTF8*$!
{
	archiveVersion = 1;
	classes = {
	};
	objectVersion = 55;
	objects = {

/* Begin PBXBuildFile section */
		69308D902B0669F500268FD4 /* PlayWithFriendsApp.swift in Sources */ = {isa = PBXBuildFile; fileRef = 69308D8F2B0669F500268FD4 /* PlayWithFriendsApp.swift */; };
		69308D922B0669F500268FD4 /* ContentView.swift in Sources */ = {isa = PBXBuildFile; fileRef = 69308D912B0669F500268FD4 /* ContentView.swift */; };
		69308D942B0669F800268FD4 /* Assets.xcassets in Resources */ = {isa = PBXBuildFile; fileRef = 69308D932B0669F800268FD4 /* Assets.xcassets */; };
		69308D972B0669F800268FD4 /* Preview Assets.xcassets in Resources */ = {isa = PBXBuildFile; fileRef = 69308D962B0669F800268FD4 /* Preview Assets.xcassets */; };
		69308D992B0669F800268FD4 /* Persistence.swift in Sources */ = {isa = PBXBuildFile; fileRef = 69308D982B0669F800268FD4 /* Persistence.swift */; };
		69308D9C2B0669F800268FD4 /* PlayWithFriends.xcdatamodeld in Sources */ = {isa = PBXBuildFile; fileRef = 69308D9A2B0669F800268FD4 /* PlayWithFriends.xcdatamodeld */; };
		69308DA62B0669F900268FD4 /* PlayWithFriendsTests.swift in Sources */ = {isa = PBXBuildFile; fileRef = 69308DA52B0669F900268FD4 /* PlayWithFriendsTests.swift */; };
		69308DB02B0669F900268FD4 /* PlayWithFriendsUITests.swift in Sources */ = {isa = PBXBuildFile; fileRef = 69308DAF2B0669F900268FD4 /* PlayWithFriendsUITests.swift */; };
		69308DB22B0669F900268FD4 /* PlayWithFriendsUITestsLaunchTests.swift in Sources */ = {isa = PBXBuildFile; fileRef = 69308DB12B0669F900268FD4 /* PlayWithFriendsUITestsLaunchTests.swift */; };
/* End PBXBuildFile section */

/* Begin PBXContainerItemProxy section */
		69308DA22B0669F900268FD4 /* PBXContainerItemProxy */ = {
			isa = PBXContainerItemProxy;
			containerPortal = 69308D842B0669F500268FD4 /* Project object */;
			proxyType = 1;
			remoteGlobalIDString = 69308D8B2B0669F500268FD4;
			remoteInfo = PlayWithFriends;
		};
		69308DAC2B0669F900268FD4 /* PBXContainerItemProxy */ = {
			isa = PBXContainerItemProxy;
			containerPortal = 69308D842B0669F500268FD4 /* Project object */;
			proxyType = 1;
			remoteGlobalIDString = 69308D8B2B0669F500268FD4;
			remoteInfo = PlayWithFriends;
		};
/* End PBXContainerItemProxy section */

/* Begin PBXFileReference section */
		69308D8C2B0669F500268FD4 /* PlayWithFriends.app */ = {isa = PBXFileReference; explicitFileType = wrapper.application; includeInIndex = 0; path = PlayWithFriends.app; sourceTree = BUILT_PRODUCTS_DIR; };
		69308D8F2B0669F500268FD4 /* PlayWithFriendsApp.swift */ = {isa = PBXFileReference; lastKnownFileType = sourcecode.swift; path = PlayWithFriendsApp.swift; sourceTree = "<group>"; };
		69308D912B0669F500268FD4 /* ContentView.swift */ = {isa = PBXFileReference; lastKnownFileType = sourcecode.swift; path = ContentView.swift; sourceTree = "<group>"; };
		69308D932B0669F800268FD4 /* Assets.xcassets */ = {isa = PBXFileReference; lastKnownFileType = folder.assetcatalog; path = Assets.xcassets; sourceTree = "<group>"; };
		69308D962B0669F800268FD4 /* Preview Assets.xcassets */ = {isa = PBXFileReference; lastKnownFileType = folder.assetcatalog; path = "Preview Assets.xcassets"; sourceTree = "<group>"; };
		69308D982B0669F800268FD4 /* Persistence.swift */ = {isa = PBXFileReference; lastKnownFileType = sourcecode.swift; path = Persistence.swift; sourceTree = "<group>"; };
		69308D9B2B0669F800268FD4 /* PlayWithFriends.xcdatamodel */ = {isa = PBXFileReference; lastKnownFileType = wrapper.xcdatamodel; path = PlayWithFriends.xcdatamodel; sourceTree = "<group>"; };
		69308DA12B0669F900268FD4 /* PlayWithFriendsTests.xctest */ = {isa = PBXFileReference; explicitFileType = wrapper.cfbundle; includeInIndex = 0; path = PlayWithFriendsTests.xctest; sourceTree = BUILT_PRODUCTS_DIR; };
		69308DA52B0669F900268FD4 /* PlayWithFriendsTests.swift */ = {isa = PBXFileReference; lastKnownFileType = sourcecode.swift; path = PlayWithFriendsTests.swift; sourceTree = "<group>"; };
		69308DAB2B0669F900268FD4 /* PlayWithFriendsUITests.xctest */ = {isa = PBXFileReference; explicitFileType = wrapper.cfbundle; includeInIndex = 0; path = PlayWithFriendsUITests.xctest; sourceTree = BUILT_PRODUCTS_DIR; };
		69308DAF2B0669F900268FD4 /* PlayWithFriendsUITests.swift */ = {isa = PBXFileReference; lastKnownFileType = sourcecode.swift; path = PlayWithFriendsUITests.swift; sourceTree = "<group>"; };
		69308DB12B0669F900268FD4 /* PlayWithFriendsUITestsLaunchTests.swift */ = {isa = PBXFileReference; lastKnownFileType = sourcecode.swift; path = PlayWithFriendsUITestsLaunchTests.swift; sourceTree = "<group>"; };
/* End PBXFileReference section */

/* Begin PBXFrameworksBuildPhase section */
		69308D892B0669F500268FD4 /* Frameworks */ = {
			isa = PBXFrameworksBuildPhase;
			buildActionMask = 2147483647;
			files = (
			);
			runOnlyForDeploymentPostprocessing = 0;
		};
		69308D9E2B0669F900268FD4 /* Frameworks */ = {
			isa = PBXFrameworksBuildPhase;
			buildActionMask = 2147483647;
			files = (
			);
			runOnlyForDeploymentPostprocessing = 0;
		};
		69308DA82B0669F900268FD4 /* Frameworks */ = {
			isa = PBXFrameworksBuildPhase;
			buildActionMask = 2147483647;
			files = (
			);
			runOnlyForDeploymentPostprocessing = 0;
		};
/* End PBXFrameworksBuildPhase section */

/* Begin PBXGroup section */
		69308D832B0669F500268FD4 = {
			isa = PBXGroup;
			children = (
				69308D8E2B0669F500268FD4 /* PlayWithFriends */,
				69308DA42B0669F900268FD4 /* PlayWithFriendsTests */,
				69308DAE2B0669F900268FD4 /* PlayWithFriendsUITests */,
				69308D8D2B0669F500268FD4 /* Products */,
			);
			sourceTree = "<group>";
		};
		69308D8D2B0669F500268FD4 /* Products */ = {
			isa = PBXGroup;
			children = (
				69308D8C2B0669F500268FD4 /* PlayWithFriends.app */,
				69308DA12B0669F900268FD4 /* PlayWithFriendsTests.xctest */,
				69308DAB2B0669F900268FD4 /* PlayWithFriendsUITests.xctest */,
			);
			name = Products;
			sourceTree = "<group>";
		};
		69308D8E2B0669F500268FD4 /* PlayWithFriends */ = {
			isa = PBXGroup;
			children = (
				69308D8F2B0669F500268FD4 /* PlayWithFriendsApp.swift */,
				69308D912B0669F500268FD4 /* ContentView.swift */,
				69308D932B0669F800268FD4 /* Assets.xcassets */,
				69308D982B0669F800268FD4 /* Persistence.swift */,
				69308D9A2B0669F800268FD4 /* PlayWithFriends.xcdatamodeld */,
				69308D952B0669F800268FD4 /* Preview Content */,
			);
			path = PlayWithFriends;
			sourceTree = "<group>";
		};
		69308D952B0669F800268FD4 /* Preview Content */ = {
			isa = PBXGroup;
			children = (
				69308D962B0669F800268FD4 /* Preview Assets.xcassets */,
			);
			path = "Preview Content";
			sourceTree = "<group>";
		};
		69308DA42B0669F900268FD4 /* PlayWithFriendsTests */ = {
			isa = PBXGroup;
			children = (
				69308DA52B0669F900268FD4 /* PlayWithFriendsTests.swift */,
			);
			path = PlayWithFriendsTests;
			sourceTree = "<group>";
		};
		69308DAE2B0669F900268FD4 /* PlayWithFriendsUITests */ = {
			isa = PBXGroup;
			children = (
				69308DAF2B0669F900268FD4 /* PlayWithFriendsUITests.swift */,
				69308DB12B0669F900268FD4 /* PlayWithFriendsUITestsLaunchTests.swift */,
			);
			path = PlayWithFriendsUITests;
			sourceTree = "<group>";
		};
/* End PBXGroup section */

/* Begin PBXNativeTarget section */
		69308D8B2B0669F500268FD4 /* PlayWithFriends */ = {
			isa = PBXNativeTarget;
			buildConfigurationList = 69308DB52B0669F900268FD4 /* Build configuration list for PBXNativeTarget "PlayWithFriends" */;
			buildPhases = (
				69308D882B0669F500268FD4 /* Sources */,
				69308D892B0669F500268FD4 /* Frameworks */,
				69308D8A2B0669F500268FD4 /* Resources */,
			);
			buildRules = (
			);
			dependencies = (
			);
			name = PlayWithFriends;
			productName = PlayWithFriends;
			productReference = 69308D8C2B0669F500268FD4 /* PlayWithFriends.app */;
			productType = "com.apple.product-type.application";
		};
		69308DA02B0669F900268FD4 /* PlayWithFriendsTests */ = {
			isa = PBXNativeTarget;
			buildConfigurationList = 69308DB82B0669F900268FD4 /* Build configuration list for PBXNativeTarget "PlayWithFriendsTests" */;
			buildPhases = (
				69308D9D2B0669F900268FD4 /* Sources */,
				69308D9E2B0669F900268FD4 /* Frameworks */,
				69308D9F2B0669F900268FD4 /* Resources */,
			);
			buildRules = (
			);
			dependencies = (
				69308DA32B0669F900268FD4 /* PBXTargetDependency */,
			);
			name = PlayWithFriendsTests;
			productName = PlayWithFriendsTests;
			productReference = 69308DA12B0669F900268FD4 /* PlayWithFriendsTests.xctest */;
			productType = "com.apple.product-type.bundle.unit-test";
		};
		69308DAA2B0669F900268FD4 /* PlayWithFriendsUITests */ = {
			isa = PBXNativeTarget;
			buildConfigurationList = 69308DBB2B0669F900268FD4 /* Build configuration list for PBXNativeTarget "PlayWithFriendsUITests" */;
			buildPhases = (
				69308DA72B0669F900268FD4 /* Sources */,
				69308DA82B0669F900268FD4 /* Frameworks */,
				69308DA92B0669F900268FD4 /* Resources */,
			);
			buildRules = (
			);
			dependencies = (
				69308DAD2B0669F900268FD4 /* PBXTargetDependency */,
			);
			name = PlayWithFriendsUITests;
			productName = PlayWithFriendsUITests;
			productReference = 69308DAB2B0669F900268FD4 /* PlayWithFriendsUITests.xctest */;
			productType = "com.apple.product-type.bundle.ui-testing";
		};
/* End PBXNativeTarget section */

/* Begin PBXProject section */
		69308D842B0669F500268FD4 /* Project object */ = {
			isa = PBXProject;
			attributes = {
				BuildIndependentTargetsInParallel = 1;
				LastSwiftUpdateCheck = 1330;
				LastUpgradeCheck = 1330;
				TargetAttributes = {
					69308D8B2B0669F500268FD4 = {
						CreatedOnToolsVersion = 13.3;
					};
					69308DA02B0669F900268FD4 = {
						CreatedOnToolsVersion = 13.3;
						TestTargetID = 69308D8B2B0669F500268FD4;
					};
					69308DAA2B0669F900268FD4 = {
						CreatedOnToolsVersion = 13.3;
						TestTargetID = 69308D8B2B0669F500268FD4;
					};
				};
			};
			buildConfigurationList = 69308D872B0669F500268FD4 /* Build configuration list for PBXProject "PlayWithFriends" */;
			compatibilityVersion = "Xcode 13.0";
			developmentRegion = en;
			hasScannedForEncodings = 0;
			knownRegions = (
				en,
				Base,
			);
			mainGroup = 69308D832B0669F500268FD4;
			productRefGroup = 69308D8D2B0669F500268FD4 /* Products */;
			projectDirPath = "";
			projectRoot = "";
			targets = (
				69308D8B2B0669F500268FD4 /* PlayWithFriends */,
				69308DA02B0669F900268FD4 /* PlayWithFriendsTests */,
				69308DAA2B0669F900268FD4 /* PlayWithFriendsUITests */,
			);
		};
/* End PBXProject section */

/* Begin PBXResourcesBuildPhase section */
		69308D8A2B0669F500268FD4 /* Resources */ = {
			isa = PBXResourcesBuildPhase;
			buildActionMask = 2147483647;
			files = (
				69308D972B0669F800268FD4 /* Preview Assets.xcassets in Resources */,
				69308D942B0669F800268FD4 /* Assets.xcassets in Resources */,
			);
			runOnlyForDeploymentPostprocessing = 0;
		};
		69308D9F2B0669F900268FD4 /* Resources */ = {
			isa = PBXResourcesBuildPhase;
			buildActionMask = 2147483647;
			files = (
			);
			runOnlyForDeploymentPostprocessing = 0;
		};
		69308DA92B0669F900268FD4 /* Resources */ = {
			isa = PBXResourcesBuildPhase;
			buildActionMask = 2147483647;
			files = (
			);
			runOnlyForDeploymentPostprocessing = 0;
		};
/* End PBXResourcesBuildPhase section */

/* Begin PBXSourcesBuildPhase section */
		69308D882B0669F500268FD4 /* Sources */ = {
			isa = PBXSourcesBuildPhase;
			buildActionMask = 2147483647;
			files = (
				69308D992B0669F800268FD4 /* Persistence.swift in Sources */,
				69308D9C2B0669F800268FD4 /* PlayWithFriends.xcdatamodeld in Sources */,
				69308D922B0669F500268FD4 /* ContentView.swift in Sources */,
				69308D902B0669F500268FD4 /* PlayWithFriendsApp.swift in Sources */,
			);
			runOnlyForDeploymentPostprocessing = 0;
		};
		69308D9D2B0669F900268FD4 /* Sources */ = {
			isa = PBXSourcesBuildPhase;
			buildActionMask = 2147483647;
			files = (
				69308DA62B0669F900268FD4 /* PlayWithFriendsTests.swift in Sources */,
			);
			runOnlyForDeploymentPostprocessing = 0;
		};
		69308DA72B0669F900268FD4 /* Sources */ = {
			isa = PBXSourcesBuildPhase;
			buildActionMask = 2147483647;
			files = (
				69308DB22B0669F900268FD4 /* PlayWithFriendsUITestsLaunchTests.swift in Sources */,
				69308DB02B0669F900268FD4 /* PlayWithFriendsUITests.swift in Sources */,
			);
			runOnlyForDeploymentPostprocessing = 0;
		};
/* End PBXSourcesBuildPhase section */

/* Begin PBXTargetDependency section */
		69308DA32B0669F900268FD4 /* PBXTargetDependency */ = {
			isa = PBXTargetDependency;
			target = 69308D8B2B0669F500268FD4 /* PlayWithFriends */;
			targetProxy = 69308DA22B0669F900268FD4 /* PBXContainerItemProxy */;
		};
		69308DAD2B0669F900268FD4 /* PBXTargetDependency */ = {
			isa = PBXTargetDependency;
			target = 69308D8B2B0669F500268FD4 /* PlayWithFriends */;
			targetProxy = 69308DAC2B0669F900268FD4 /* PBXContainerItemProxy */;
		};
/* End PBXTargetDependency section */

/* Begin XCBuildConfiguration section */
		69308DB32B0669F900268FD4 /* Debug */ = {
			isa = XCBuildConfiguration;
			buildSettings = {
				ALWAYS_SEARCH_USER_PATHS = NO;
				CLANG_ANALYZER_NONNULL = YES;
				CLANG_ANALYZER_NUMBER_OBJECT_CONVERSION = YES_AGGRESSIVE;
				CLANG_CXX_LANGUAGE_STANDARD = "gnu++17";
				CLANG_ENABLE_MODULES = YES;
				CLANG_ENABLE_OBJC_ARC = YES;
				CLANG_ENABLE_OBJC_WEAK = YES;
				CLANG_WARN_BLOCK_CAPTURE_AUTORELEASING = YES;
				CLANG_WARN_BOOL_CONVERSION = YES;
				CLANG_WARN_COMMA = YES;
				CLANG_WARN_CONSTANT_CONVERSION = YES;
				CLANG_WARN_DEPRECATED_OBJC_IMPLEMENTATIONS = YES;
				CLANG_WARN_DIRECT_OBJC_ISA_USAGE = YES_ERROR;
				CLANG_WARN_DOCUMENTATION_COMMENTS = YES;
				CLANG_WARN_EMPTY_BODY = YES;
				CLANG_WARN_ENUM_CONVERSION = YES;
				CLANG_WARN_INFINITE_RECURSION = YES;
				CLANG_WARN_INT_CONVERSION = YES;
				CLANG_WARN_NON_LITERAL_NULL_CONVERSION = YES;
				CLANG_WARN_OBJC_IMPLICIT_RETAIN_SELF = YES;
				CLANG_WARN_OBJC_LITERAL_CONVERSION = YES;
				CLANG_WARN_OBJC_ROOT_CLASS = YES_ERROR;
				CLANG_WARN_QUOTED_INCLUDE_IN_FRAMEWORK_HEADER = YES;
				CLANG_WARN_RANGE_LOOP_ANALYSIS = YES;
				CLANG_WARN_STRICT_PROTOTYPES = YES;
				CLANG_WARN_SUSPICIOUS_MOVE = YES;
				CLANG_WARN_UNGUARDED_AVAILABILITY = YES_AGGRESSIVE;
				CLANG_WARN_UNREACHABLE_CODE = YES;
				CLANG_WARN__DUPLICATE_METHOD_MATCH = YES;
				COPY_PHASE_STRIP = NO;
				DEBUG_INFORMATION_FORMAT = dwarf;
				ENABLE_STRICT_OBJC_MSGSEND = YES;
				ENABLE_TESTABILITY = YES;
				GCC_C_LANGUAGE_STANDARD = gnu11;
				GCC_DYNAMIC_NO_PIC = NO;
				GCC_NO_COMMON_BLOCKS = YES;
				GCC_OPTIMIZATION_LEVEL = 0;
				GCC_PREPROCESSOR_DEFINITIONS = (
					"DEBUG=1",
					"$(inherited)",
				);
				GCC_WARN_64_TO_32_BIT_CONVERSION = YES;
				GCC_WARN_ABOUT_RETURN_TYPE = YES_ERROR;
				GCC_WARN_UNDECLARED_SELECTOR = YES;
				GCC_WARN_UNINITIALIZED_AUTOS = YES_AGGRESSIVE;
				GCC_WARN_UNUSED_FUNCTION = YES;
				GCC_WARN_UNUSED_VARIABLE = YES;
				IPHONEOS_DEPLOYMENT_TARGET = 15.4;
				MTL_ENABLE_DEBUG_INFO = INCLUDE_SOURCE;
				MTL_FAST_MATH = YES;
				ONLY_ACTIVE_ARCH = YES;
				SDKROOT = iphoneos;
				SWIFT_ACTIVE_COMPILATION_CONDITIONS = DEBUG;
				SWIFT_OPTIMIZATION_LEVEL = "-Onone";
			};
			name = Debug;
		};
		69308DB42B0669F900268FD4 /* Release */ = {
			isa = XCBuildConfiguration;
			buildSettings = {
				ALWAYS_SEARCH_USER_PATHS = NO;
				CLANG_ANALYZER_NONNULL = YES;
				CLANG_ANALYZER_NUMBER_OBJECT_CONVERSION = YES_AGGRESSIVE;
				CLANG_CXX_LANGUAGE_STANDARD = "gnu++17";
				CLANG_ENABLE_MODULES = YES;
				CLANG_ENABLE_OBJC_ARC = YES;
				CLANG_ENABLE_OBJC_WEAK = YES;
				CLANG_WARN_BLOCK_CAPTURE_AUTORELEASING = YES;
				CLANG_WARN_BOOL_CONVERSION = YES;
				CLANG_WARN_COMMA = YES;
				CLANG_WARN_CONSTANT_CONVERSION = YES;
				CLANG_WARN_DEPRECATED_OBJC_IMPLEMENTATIONS = YES;
				CLANG_WARN_DIRECT_OBJC_ISA_USAGE = YES_ERROR;
				CLANG_WARN_DOCUMENTATION_COMMENTS = YES;
				CLANG_WARN_EMPTY_BODY = YES;
				CLANG_WARN_ENUM_CONVERSION = YES;
				CLANG_WARN_INFINITE_RECURSION = YES;
				CLANG_WARN_INT_CONVERSION = YES;
				CLANG_WARN_NON_LITERAL_NULL_CONVERSION = YES;
				CLANG_WARN_OBJC_IMPLICIT_RETAIN_SELF = YES;
				CLANG_WARN_OBJC_LITERAL_CONVERSION = YES;
				CLANG_WARN_OBJC_ROOT_CLASS = YES_ERROR;
				CLANG_WARN_QUOTED_INCLUDE_IN_FRAMEWORK_HEADER = YES;
				CLANG_WARN_RANGE_LOOP_ANALYSIS = YES;
				CLANG_WARN_STRICT_PROTOTYPES = YES;
				CLANG_WARN_SUSPICIOUS_MOVE = YES;
				CLANG_WARN_UNGUARDED_AVAILABILITY = YES_AGGRESSIVE;
				CLANG_WARN_UNREACHABLE_CODE = YES;
				CLANG_WARN__DUPLICATE_METHOD_MATCH = YES;
				COPY_PHASE_STRIP = NO;
				DEBUG_INFORMATION_FORMAT = "dwarf-with-dsym";
				ENABLE_NS_ASSERTIONS = NO;
				ENABLE_STRICT_OBJC_MSGSEND = YES;
				GCC_C_LANGUAGE_STANDARD = gnu11;
				GCC_NO_COMMON_BLOCKS = YES;
				GCC_WARN_64_TO_32_BIT_CONVERSION = YES;
				GCC_WARN_ABOUT_RETURN_TYPE = YES_ERROR;
				GCC_WARN_UNDECLARED_SELECTOR = YES;
				GCC_WARN_UNINITIALIZED_AUTOS = YES_AGGRESSIVE;
				GCC_WARN_UNUSED_FUNCTION = YES;
				GCC_WARN_UNUSED_VARIABLE = YES;
				IPHONEOS_DEPLOYMENT_TARGET = 15.4;
				MTL_ENABLE_DEBUG_INFO = NO;
				MTL_FAST_MATH = YES;
				SDKROOT = iphoneos;
				SWIFT_COMPILATION_MODE = wholemodule;
				SWIFT_OPTIMIZATION_LEVEL = "-O";
				VALIDATE_PRODUCT = YES;
			};
			name = Release;
		};
		69308DB62B0669F900268FD4 /* Debug */ = {
			isa = XCBuildConfiguration;
			buildSettings = {
				ASSETCATALOG_COMPILER_APPICON_NAME = AppIcon;
				ASSETCATALOG_COMPILER_GLOBAL_ACCENT_COLOR_NAME = AccentColor;
				CODE_SIGN_STYLE = Automatic;
				CURRENT_PROJECT_VERSION = 1;
				DEVELOPMENT_ASSET_PATHS = "\"PlayWithFriends/Preview Content\"";
				DEVELOPMENT_TEAM = XV2X26M98W;
				ENABLE_PREVIEWS = YES;
				GENERATE_INFOPLIST_FILE = YES;
				INFOPLIST_KEY_UIApplicationSceneManifest_Generation = YES;
				INFOPLIST_KEY_UIApplicationSupportsIndirectInputEvents = YES;
				INFOPLIST_KEY_UILaunchScreen_Generation = YES;
				INFOPLIST_KEY_UISupportedInterfaceOrientations_iPad = "UIInterfaceOrientationPortrait UIInterfaceOrientationPortraitUpsideDown UIInterfaceOrientationLandscapeLeft UIInterfaceOrientationLandscapeRight";
				INFOPLIST_KEY_UISupportedInterfaceOrientations_iPhone = "UIInterfaceOrientationPortrait UIInterfaceOrientationLandscapeLeft UIInterfaceOrientationLandscapeRight";
				LD_RUNPATH_SEARCH_PATHS = (
					"$(inherited)",
					"@executable_path/Frameworks",
				);
				MARKETING_VERSION = 1.0;
				PRODUCT_BUNDLE_IDENTIFIER = comyorgidelrio.PlayWithFriends;
				PRODUCT_NAME = "$(TARGET_NAME)";
				SWIFT_EMIT_LOC_STRINGS = YES;
				SWIFT_VERSION = 5.0;
				TARGETED_DEVICE_FAMILY = "1,2";
			};
			name = Debug;
		};
		69308DB72B0669F900268FD4 /* Release */ = {
			isa = XCBuildConfiguration;
			buildSettings = {
				ASSETCATALOG_COMPILER_APPICON_NAME = AppIcon;
				ASSETCATALOG_COMPILER_GLOBAL_ACCENT_COLOR_NAME = AccentColor;
				CODE_SIGN_STYLE = Automatic;
				CURRENT_PROJECT_VERSION = 1;
				DEVELOPMENT_ASSET_PATHS = "\"PlayWithFriends/Preview Content\"";
				DEVELOPMENT_TEAM = XV2X26M98W;
				ENABLE_PREVIEWS = YES;
				GENERATE_INFOPLIST_FILE = YES;
				INFOPLIST_KEY_UIApplicationSceneManifest_Generation = YES;
				INFOPLIST_KEY_UIApplicationSupportsIndirectInputEvents = YES;
				INFOPLIST_KEY_UILaunchScreen_Generation = YES;
				INFOPLIST_KEY_UISupportedInterfaceOrientations_iPad = "UIInterfaceOrientationPortrait UIInterfaceOrientationPortraitUpsideDown UIInterfaceOrientationLandscapeLeft UIInterfaceOrientationLandscapeRight";
				INFOPLIST_KEY_UISupportedInterfaceOrientations_iPhone = "UIInterfaceOrientationPortrait UIInterfaceOrientationLandscapeLeft UIInterfaceOrientationLandscapeRight";
				LD_RUNPATH_SEARCH_PATHS = (
					"$(inherited)",
					"@executable_path/Frameworks",
				);
				MARKETING_VERSION = 1.0;
				PRODUCT_BUNDLE_IDENTIFIER = comyorgidelrio.PlayWithFriends;
				PRODUCT_NAME = "$(TARGET_NAME)";
				SWIFT_EMIT_LOC_STRINGS = YES;
				SWIFT_VERSION = 5.0;
				TARGETED_DEVICE_FAMILY = "1,2";
			};
			name = Release;
		};
		69308DB92B0669F900268FD4 /* Debug */ = {
			isa = XCBuildConfiguration;
			buildSettings = {
				ALWAYS_EMBED_SWIFT_STANDARD_LIBRARIES = YES;
				BUNDLE_LOADER = "$(TEST_HOST)";
				CODE_SIGN_STYLE = Automatic;
				CURRENT_PROJECT_VERSION = 1;
				DEVELOPMENT_TEAM = XV2X26M98W;
				GENERATE_INFOPLIST_FILE = YES;
				IPHONEOS_DEPLOYMENT_TARGET = 15.4;
				MARKETING_VERSION = 1.0;
				PRODUCT_BUNDLE_IDENTIFIER = comyorgidelrio.PlayWithFriendsTests;
				PRODUCT_NAME = "$(TARGET_NAME)";
				SWIFT_EMIT_LOC_STRINGS = NO;
				SWIFT_VERSION = 5.0;
				TARGETED_DEVICE_FAMILY = "1,2";
				TEST_HOST = "$(BUILT_PRODUCTS_DIR)/PlayWithFriends.app/PlayWithFriends";
			};
			name = Debug;
		};
		69308DBA2B0669F900268FD4 /* Release */ = {
			isa = XCBuildConfiguration;
			buildSettings = {
				ALWAYS_EMBED_SWIFT_STANDARD_LIBRARIES = YES;
				BUNDLE_LOADER = "$(TEST_HOST)";
				CODE_SIGN_STYLE = Automatic;
				CURRENT_PROJECT_VERSION = 1;
				DEVELOPMENT_TEAM = XV2X26M98W;
				GENERATE_INFOPLIST_FILE = YES;
				IPHONEOS_DEPLOYMENT_TARGET = 15.4;
				MARKETING_VERSION = 1.0;
				PRODUCT_BUNDLE_IDENTIFIER = comyorgidelrio.PlayWithFriendsTests;
				PRODUCT_NAME = "$(TARGET_NAME)";
				SWIFT_EMIT_LOC_STRINGS = NO;
				SWIFT_VERSION = 5.0;
				TARGETED_DEVICE_FAMILY = "1,2";
				TEST_HOST = "$(BUILT_PRODUCTS_DIR)/PlayWithFriends.app/PlayWithFriends";
			};
			name = Release;
		};
		69308DBC2B0669F900268FD4 /* Debug */ = {
			isa = XCBuildConfiguration;
			buildSettings = {
				ALWAYS_EMBED_SWIFT_STANDARD_LIBRARIES = YES;
				CODE_SIGN_STYLE = Automatic;
				CURRENT_PROJECT_VERSION = 1;
				DEVELOPMENT_TEAM = XV2X26M98W;
				GENERATE_INFOPLIST_FILE = YES;
				MARKETING_VERSION = 1.0;
				PRODUCT_BUNDLE_IDENTIFIER = comyorgidelrio.PlayWithFriendsUITests;
				PRODUCT_NAME = "$(TARGET_NAME)";
				SWIFT_EMIT_LOC_STRINGS = NO;
				SWIFT_VERSION = 5.0;
				TARGETED_DEVICE_FAMILY = "1,2";
				TEST_TARGET_NAME = PlayWithFriends;
			};
			name = Debug;
		};
		69308DBD2B0669F900268FD4 /* Release */ = {
			isa = XCBuildConfiguration;
			buildSettings = {
				ALWAYS_EMBED_SWIFT_STANDARD_LIBRARIES = YES;
				CODE_SIGN_STYLE = Automatic;
				CURRENT_PROJECT_VERSION = 1;
				DEVELOPMENT_TEAM = XV2X26M98W;
				GENERATE_INFOPLIST_FILE = YES;
				MARKETING_VERSION = 1.0;
				PRODUCT_BUNDLE_IDENTIFIER = comyorgidelrio.PlayWithFriendsUITests;
				PRODUCT_NAME = "$(TARGET_NAME)";
				SWIFT_EMIT_LOC_STRINGS = NO;
				SWIFT_VERSION = 5.0;
				TARGETED_DEVICE_FAMILY = "1,2";
				TEST_TARGET_NAME = PlayWithFriends;
			};
			name = Release;
		};
/* End XCBuildConfiguration section */

/* Begin XCConfigurationList section */
		69308D872B0669F500268FD4 /* Build configuration list for PBXProject "PlayWithFriends" */ = {
			isa = XCConfigurationList;
			buildConfigurations = (
				69308DB32B0669F900268FD4 /* Debug */,
				69308DB42B0669F900268FD4 /* Release */,
			);
			defaultConfigurationIsVisible = 0;
			defaultConfigurationName = Release;
		};
		69308DB52B0669F900268FD4 /* Build configuration list for PBXNativeTarget "PlayWithFriends" */ = {
			isa = XCConfigurationList;
			buildConfigurations = (
				69308DB62B0669F900268FD4 /* Debug */,
				69308DB72B0669F900268FD4 /* Release */,
			);
			defaultConfigurationIsVisible = 0;
			defaultConfigurationName = Release;
		};
		69308DB82B0669F900268FD4 /* Build configuration list for PBXNativeTarget "PlayWithFriendsTests" */ = {
			isa = XCConfigurationList;
			buildConfigurations = (
				69308DB92B0669F900268FD4 /* Debug */,
				69308DBA2B0669F900268FD4 /* Release */,
			);
			defaultConfigurationIsVisible = 0;
			defaultConfigurationName = Release;
		};
		69308DBB2B0669F900268FD4 /* Build configuration list for PBXNativeTarget "PlayWithFriendsUITests" */ = {
			isa = XCConfigurationList;
			buildConfigurations = (
				69308DBC2B0669F900268FD4 /* Debug */,
				69308DBD2B0669F900268FD4 /* Release */,
			);
			defaultConfigurationIsVisible = 0;
			defaultConfigurationName = Release;
		};
/* End XCConfigurationList section */

/* Begin XCVersionGroup section */
		69308D9A2B0669F800268FD4 /* PlayWithFriends.xcdatamodeld */ = {
			isa = XCVersionGroup;
			children = (
				69308D9B2B0669F800268FD4 /* PlayWithFriends.xcdatamodel */,
			);
			currentVersion = 69308D9B2B0669F800268FD4 /* PlayWithFriends.xcdatamodel */;
			path = PlayWithFriends.xcdatamodeld;
			sourceTree = "<group>";
			versionGroupType = wrapper.xcdatamodel;
		};
/* End XCVersionGroup section */
	};
	rootObject = 69308D842B0669F500268FD4 /* Project object */;
}
